{
  "name": "curso-typescript",
  "lockfileVersion": 2,
  "requires": true,
  "packages": {
    "": {
      "dependencies": {
        "@types/node": "^17.0.42",
        "systemjs": "^0.21.6"
      }
    },
    "node_modules/@types/node": {
      "version": "17.0.42",
      "resolved": "https://registry.npmjs.org/@types/node/-/node-17.0.42.tgz",
      "integrity": "sha512-Q5BPGyGKcvQgAMbsr7qEGN/kIPN6zZecYYABeTDBizOsau+2NMdSVTar9UQw21A2+JyA2KRNDYaYrPB0Rpk2oQ=="
    },
    "node_modules/systemjs": {
      "version": "0.21.6",
      "resolved": "https://registry.npmjs.org/systemjs/-/systemjs-0.21.6.tgz",
      "integrity": "sha512-R+5S9eV9vcQgWOoS4D87joZ4xkFJHb19ZsyKY07D1+VBDE9bwYcU+KXE0r5XlDA8mFoJGyuWDbfrNoh90JsA8g=="
    }
  },
  "dependencies": {
    "@types/node": {
      "version": "17.0.42",
      "resolved": "https://registry.npmjs.org/@types/node/-/node-17.0.42.tgz",
      "integrity": "sha512-Q5BPGyGKcvQgAMbsr7qEGN/kIPN6zZecYYABeTDBizOsau+2NMdSVTar9UQw21A2+JyA2KRNDYaYrPB0Rpk2oQ=="
    },
    "systemjs": {
      "version": "0.21.6",
      "resolved": "https://registry.npmjs.org/systemjs/-/systemjs-0.21.6.tgz",
      "integrity": "sha512-R+5S9eV9vcQgWOoS4D87joZ4xkFJHb19ZsyKY07D1+VBDE9bwYcU+KXE0r5XlDA8mFoJGyuWDbfrNoh90JsA8g=="
    }
  }
}
